{
  "name": "escpos-webusb",
  "version": "0.0.1",
  "lockfileVersion": 1,
  "requires": true,
  "dependencies": {
    "@types/escpos": {
      "version": "2.5.0",
      "resolved": "https://registry.npmjs.org/@types/escpos/-/escpos-2.5.0.tgz",
      "integrity": "sha512-rR0d5MHKMCd8TlQsS99x73lfGlcLQyNcDtCL3hvCvil87SxcEwoPJU5fLYmDqDkU/xA8u2ZufUKkEt26uHwiaA==",
      "dev": true,
      "requires": {
        "@types/node": "*"
      }
    },
    "@types/node": {
      "version": "15.0.1",
      "resolved": "https://registry.npmjs.org/@types/node/-/node-15.0.1.tgz",
      "integrity": "sha512-TMkXt0Ck1y0KKsGr9gJtWGjttxlZnnvDtphxUOSd0bfaR6Q1jle+sPvrzNR1urqYTWMinoKvjKfXUGsumaO1PA==",
      "dev": true
    },
    "@types/w3c-web-usb": {
      "version": "1.0.4",
      "resolved": "https://registry.npmjs.org/@types/w3c-web-usb/-/w3c-web-usb-1.0.4.tgz",
      "integrity": "sha512-aaOB3EL5WCWBBOYX7W1MKuzspOM9ZJI9s3iziRVypr1N+QyvIgXzCM4lm1iiOQ1VFzZioUPX9bsa23myCbKK4A==",
      "dev": true
    }
  }
}
